
Microsoft Visual Studio Solution File, Format Version 12.00
# Visual Studio 15
VisualStudioVersion = 15.0.27703.2026
MinimumVisualStudioVersion = 10.0.40219.1
Project("{9A19103F-16F7-4668-BE54-9A1E7A4F7556}") = "Moneybox.App", "Moneybox.App\Moneybox.App.csproj", "{C1E5082E-45D6-469C-BD08-B87348851443}"
EndProject
Project("{FAE04EC0-301F-11D3-BF4B-00C04F79EFBC}") = "Moneybox.App.Test", "Moneybox.App.Test\Moneybox.App.Test.csproj", "{97083DA0-F80A-494E-BB76-57FB7EC8E14A}"
EndProject
Global
	GlobalSection(SolutionConfigurationPlatforms) = preSolution
		Debug|Any CPU = Debug|Any CPU
		Release|Any CPU = Release|Any CPU
	EndGlobalSection
	GlobalSection(ProjectConfigurationPlatforms) = postSolution
		{C1E5082E-45D6-469C-BD08-B87348851443}.Debug|Any CPU.ActiveCfg = Debug|Any CPU
		{C1E5082E-45D6-469C-BD08-B87348851443}.Debug|Any CPU.Build.0 = Debug|Any CPU
		{C1E5082E-45D6-469C-BD08-B87348851443}.Release|Any CPU.ActiveCfg = Release|Any CPU
		{C1E5082E-45D6-469C-BD08-B87348851443}.Release|Any CPU.Build.0 = Release|Any CPU
		{97083DA0-F80A-494E-BB76-57FB7EC8E14A}.Debug|Any CPU.ActiveCfg = Debug|Any CPU
		{97083DA0-F80A-494E-BB76-57FB7EC8E14A}.Debug|Any CPU.Build.0 = Debug|Any CPU
		{97083DA0-F80A-494E-BB76-57FB7EC8E14A}.Release|Any CPU.ActiveCfg = Release|Any CPU
		{97083DA0-F80A-494E-BB76-57FB7EC8E14A}.Release|Any CPU.Build.0 = Release|Any CPU
	EndGlobalSection
	GlobalSection(SolutionProperties) = preSolution
		HideSolutionNode = FALSE
	EndGlobalSection
	GlobalSection(ExtensibilityGlobals) = postSolution
		SolutionGuid = {4BBC44E4-088E-4757-B143-20E33390DC00}
	EndGlobalSection
	GlobalSection(TeamFoundationVersionControl) = preSolution
		SccNumberOfProjects = 3
		SccEnterpriseProvider = {4CA58AB2-18FA-4F8D-95D4-32DDF27D184C}
		SccTeamFoundationServer = https://8p8d.visualstudio.com/
		SccLocalPath0 = .
		SccProjectUniqueName1 = Moneybox.App\\Moneybox.App.csproj
		SccProjectName1 = Moneybox.App
		SccLocalPath1 = Moneybox.App
		SccProjectUniqueName2 = Moneybox.App.Test\\Moneybox.App.Test.csproj
		SccProjectName2 = Moneybox.App.Test
		SccLocalPath2 = Moneybox.App.Test
	EndGlobalSection
EndGlobal
